// !$*UTF8*$!
{
	archiveVersion = 1;
	classes = {
	};
	objectVersion = 51;
	objects = {

/* Begin PBXBuildFile section */
		092E939D233F86A0001F84B3 /* AppDelegate.swift in Sources */ = {isa = PBXBuildFile; fileRef = 092E939C233F86A0001F84B3 /* AppDelegate.swift */; };
		092E939F233F86A0001F84B3 /* SceneDelegate.swift in Sources */ = {isa = PBXBuildFile; fileRef = 092E939E233F86A0001F84B3 /* SceneDelegate.swift */; };
		092E93A1233F86A0001F84B3 /* ViewController.swift in Sources */ = {isa = PBXBuildFile; fileRef = 092E93A0233F86A0001F84B3 /* ViewController.swift */; };
		092E93A4233F86A0001F84B3 /* Main.storyboard in Resources */ = {isa = PBXBuildFile; fileRef = 092E93A2233F86A0001F84B3 /* Main.storyboard */; };
		092E93A6233F86A4001F84B3 /* Assets.xcassets in Resources */ = {isa = PBXBuildFile; fileRef = 092E93A5233F86A4001F84B3 /* Assets.xcassets */; };
		092E93A9233F86A4001F84B3 /* LaunchScreen.storyboard in Resources */ = {isa = PBXBuildFile; fileRef = 092E93A7233F86A4001F84B3 /* LaunchScreen.storyboard */; };
		092E93B1233F9B0C001F84B3 /* ViewModel.swift in Sources */ = {isa = PBXBuildFile; fileRef = 092E93B0233F9B0C001F84B3 /* ViewModel.swift */; };
		092E93B3233FB1B1001F84B3 /* Model.swift in Sources */ = {isa = PBXBuildFile; fileRef = 092E93B2233FB1B1001F84B3 /* Model.swift */; };
		192DA7381252F1FC4759C157 /* Pods_RxSwiftSample.framework in Frameworks */ = {isa = PBXBuildFile; fileRef = 1EC4755D1BA99CA20B5DD5C7 /* Pods_RxSwiftSample.framework */; };
/* End PBXBuildFile section */

/* Begin PBXFileReference section */
		092E9399233F86A0001F84B3 /* RxSwiftSample.app */ = {isa = PBXFileReference; explicitFileType = wrapper.application; includeInIndex = 0; path = RxSwiftSample.app; sourceTree = BUILT_PRODUCTS_DIR; };
		092E939C233F86A0001F84B3 /* AppDelegate.swift */ = {isa = PBXFileReference; lastKnownFileType = sourcecode.swift; path = AppDelegate.swift; sourceTree = "<group>"; };
		092E939E233F86A0001F84B3 /* SceneDelegate.swift */ = {isa = PBXFileReference; lastKnownFileType = sourcecode.swift; path = SceneDelegate.swift; sourceTree = "<group>"; };
		092E93A0233F86A0001F84B3 /* ViewController.swift */ = {isa = PBXFileReference; lastKnownFileType = sourcecode.swift; path = ViewController.swift; sourceTree = "<group>"; };
		092E93A3233F86A0001F84B3 /* Base */ = {isa = PBXFileReference; lastKnownFileType = file.storyboard; name = Base; path = Base.lproj/Main.storyboard; sourceTree = "<group>"; };
		092E93A5233F86A4001F84B3 /* Assets.xcassets */ = {isa = PBXFileReference; lastKnownFileType = folder.assetcatalog; path = Assets.xcassets; sourceTree = "<group>"; };
		092E93A8233F86A4001F84B3 /* Base */ = {isa = PBXFileReference; lastKnownFileType = file.storyboard; name = Base; path = Base.lproj/LaunchScreen.storyboard; sourceTree = "<group>"; };
		092E93AA233F86A4001F84B3 /* Info.plist */ = {isa = PBXFileReference; lastKnownFileType = text.plist.xml; path = Info.plist; sourceTree = "<group>"; };
		092E93B0233F9B0C001F84B3 /* ViewModel.swift */ = {isa = PBXFileReference; lastKnownFileType = sourcecode.swift; path = ViewModel.swift; sourceTree = "<group>"; };
		092E93B2233FB1B1001F84B3 /* Model.swift */ = {isa = PBXFileReference; lastKnownFileType = sourcecode.swift; path = Model.swift; sourceTree = "<group>"; };
		1EC4755D1BA99CA20B5DD5C7 /* Pods_RxSwiftSample.framework */ = {isa = PBXFileReference; explicitFileType = wrapper.framework; includeInIndex = 0; path = Pods_RxSwiftSample.framework; sourceTree = BUILT_PRODUCTS_DIR; };
		3E726EAD982381DA18E0DDFF /* Pods-RxSwiftSample.release.xcconfig */ = {isa = PBXFileReference; includeInIndex = 1; lastKnownFileType = text.xcconfig; name = "Pods-RxSwiftSample.release.xcconfig"; path = "Target Support Files/Pods-RxSwiftSample/Pods-RxSwiftSample.release.xcconfig"; sourceTree = "<group>"; };
		5AE67C2BBE3ABA744C4BAB6F /* Pods-RxSwiftSample.debug.xcconfig */ = {isa = PBXFileReference; includeInIndex = 1; lastKnownFileType = text.xcconfig; name = "Pods-RxSwiftSample.debug.xcconfig"; path = "Target Support Files/Pods-RxSwiftSample/Pods-RxSwiftSample.debug.xcconfig"; sourceTree = "<group>"; };
/* End PBXFileReference section */

/* Begin PBXFrameworksBuildPhase section */
		092E9396233F86A0001F84B3 /* Frameworks */ = {
			isa = PBXFrameworksBuildPhase;
			buildActionMask = 2147483647;
			files = (
				192DA7381252F1FC4759C157 /* Pods_RxSwiftSample.framework in Frameworks */,
			);
			runOnlyForDeploymentPostprocessing = 0;
		};
/* End PBXFrameworksBuildPhase section */

/* Begin PBXGroup section */
		092E9390233F86A0001F84B3 = {
			isa = PBXGroup;
			children = (
				092E939B233F86A0001F84B3 /* RxSwiftSample */,
				092E939A233F86A0001F84B3 /* Products */,
				949DFD82037587363F598240 /* Pods */,
				11C821B2999368E1E77DBA90 /* Frameworks */,
			);
			sourceTree = "<group>";
		};
		092E939A233F86A0001F84B3 /* Products */ = {
			isa = PBXGroup;
			children = (
				092E9399233F86A0001F84B3 /* RxSwiftSample.app */,
			);
			name = Products;
			sourceTree = "<group>";
		};
		092E939B233F86A0001F84B3 /* RxSwiftSample */ = {
			isa = PBXGroup;
			children = (
				092E939C233F86A0001F84B3 /* AppDelegate.swift */,
				092E939E233F86A0001F84B3 /* SceneDelegate.swift */,
				092E93A0233F86A0001F84B3 /* ViewController.swift */,
				092E93B0233F9B0C001F84B3 /* ViewModel.swift */,
				092E93B2233FB1B1001F84B3 /* Model.swift */,
				092E93A2233F86A0001F84B3 /* Main.storyboard */,
				092E93A5233F86A4001F84B3 /* Assets.xcassets */,
				092E93A7233F86A4001F84B3 /* LaunchScreen.storyboard */,
				092E93AA233F86A4001F84B3 /* Info.plist */,
			);
			path = RxSwiftSample;
			sourceTree = "<group>";
		};
		11C821B2999368E1E77DBA90 /* Frameworks */ = {
			isa = PBXGroup;
			children = (
				1EC4755D1BA99CA20B5DD5C7 /* Pods_RxSwiftSample.framework */,
			);
			name = Frameworks;
			sourceTree = "<group>";
		};
		949DFD82037587363F598240 /* Pods */ = {
			isa = PBXGroup;
			children = (
				5AE67C2BBE3ABA744C4BAB6F /* Pods-RxSwiftSample.debug.xcconfig */,
				3E726EAD982381DA18E0DDFF /* Pods-RxSwiftSample.release.xcconfig */,
			);
			path = Pods;
			sourceTree = "<group>";
		};
/* End PBXGroup section */

/* Begin PBXNativeTarget section */
		092E9398233F86A0001F84B3 /* RxSwiftSample */ = {
			isa = PBXNativeTarget;
			buildConfigurationList = 092E93AD233F86A4001F84B3 /* Build configuration list for PBXNativeTarget "RxSwiftSample" */;
			buildPhases = (
				9B07B650BAA526A7EE109E3E /* [CP] Check Pods Manifest.lock */,
				092E9395233F86A0001F84B3 /* Sources */,
				092E9396233F86A0001F84B3 /* Frameworks */,
				092E9397233F86A0001F84B3 /* Resources */,
				9B3CB77F61C572ED13301B5E /* [CP] Embed Pods Frameworks */,
			);
			buildRules = (
			);
			dependencies = (
			);
			name = RxSwiftSample;
			productName = RxSwiftSample;
			productReference = 092E9399233F86A0001F84B3 /* RxSwiftSample.app */;
			productType = "com.apple.product-type.application";
		};
/* End PBXNativeTarget section */

/* Begin PBXProject section */
		092E9391233F86A0001F84B3 /* Project object */ = {
			isa = PBXProject;
			attributes = {
				LastSwiftUpdateCheck = 1100;
				LastUpgradeCheck = 1100;
				ORGANIZATIONNAME = "Momoko Orita";
				TargetAttributes = {
					092E9398233F86A0001F84B3 = {
						CreatedOnToolsVersion = 11.0;
					};
				};
			};
			buildConfigurationList = 092E9394233F86A0001F84B3 /* Build configuration list for PBXProject "RxSwiftSample" */;
			compatibilityVersion = "Xcode 9.3";
			developmentRegion = en;
			hasScannedForEncodings = 0;
			knownRegions = (
				en,
				Base,
			);
			mainGroup = 092E9390233F86A0001F84B3;
			productRefGroup = 092E939A233F86A0001F84B3 /* Products */;
			projectDirPath = "";
			projectRoot = "";
			targets = (
				092E9398233F86A0001F84B3 /* RxSwiftSample */,
			);
		};
/* End PBXProject section */

/* Begin PBXResourcesBuildPhase section */
		092E9397233F86A0001F84B3 /* Resources */ = {
			isa = PBXResourcesBuildPhase;
			buildActionMask = 2147483647;
			files = (
				092E93A9233F86A4001F84B3 /* LaunchScreen.storyboard in Resources */,
				092E93A6233F86A4001F84B3 /* Assets.xcassets in Resources */,
				092E93A4233F86A0001F84B3 /* Main.storyboard in Resources */,
			);
			runOnlyForDeploymentPostprocessing = 0;
		};
/* End PBXResourcesBuildPhase section */

/* Begin PBXShellScriptBuildPhase section */
		9B07B650BAA526A7EE109E3E /* [CP] Check Pods Manifest.lock */ = {
			isa = PBXShellScriptBuildPhase;
			buildActionMask = 2147483647;
			files = (
			);
			inputFileListPaths = (
			);
			inputPaths = (
				"${PODS_PODFILE_DIR_PATH}/Podfile.lock",
				"${PODS_ROOT}/Manifest.lock",
			);
			name = "[CP] Check Pods Manifest.lock";
			outputFileListPaths = (
			);
			outputPaths = (
				"$(DERIVED_FILE_DIR)/Pods-RxSwiftSample-checkManifestLockResult.txt",
			);
			runOnlyForDeploymentPostprocessing = 0;
			shellPath = /bin/sh;
			shellScript = "diff \"${PODS_PODFILE_DIR_PATH}/Podfile.lock\" \"${PODS_ROOT}/Manifest.lock\" > /dev/null\nif [ $? != 0 ] ; then\n    # print error to STDERR\n    echo \"error: The sandbox is not in sync with the Podfile.lock. Run 'pod install' or update your CocoaPods installation.\" >&2\n    exit 1\nfi\n# This output is used by Xcode 'outputs' to avoid re-running this script phase.\necho \"SUCCESS\" > \"${SCRIPT_OUTPUT_FILE_0}\"\n";
			showEnvVarsInLog = 0;
		};
		9B3CB77F61C572ED13301B5E /* [CP] Embed Pods Frameworks */ = {
			isa = PBXShellScriptBuildPhase;
			buildActionMask = 2147483647;
			files = (
			);
			inputFileListPaths = (
				"${PODS_ROOT}/Target Support Files/Pods-RxSwiftSample/Pods-RxSwiftSample-frameworks-${CONFIGURATION}-input-files.xcfilelist",
			);
			name = "[CP] Embed Pods Frameworks";
			outputFileListPaths = (
				"${PODS_ROOT}/Target Support Files/Pods-RxSwiftSample/Pods-RxSwiftSample-frameworks-${CONFIGURATION}-output-files.xcfilelist",
			);
			runOnlyForDeploymentPostprocessing = 0;
			shellPath = /bin/sh;
			shellScript = "\"${PODS_ROOT}/Target Support Files/Pods-RxSwiftSample/Pods-RxSwiftSample-frameworks.sh\"\n";
			showEnvVarsInLog = 0;
		};
/* End PBXShellScriptBuildPhase section */

/* Begin PBXSourcesBuildPhase section */
		092E9395233F86A0001F84B3 /* Sources */ = {
			isa = PBXSourcesBuildPhase;
			buildActionMask = 2147483647;
			files = (
				092E93B3233FB1B1001F84B3 /* Model.swift in Sources */,
				092E93A1233F86A0001F84B3 /* ViewController.swift in Sources */,
				092E939D233F86A0001F84B3 /* AppDelegate.swift in Sources */,
				092E93B1233F9B0C001F84B3 /* ViewModel.swift in Sources */,
				092E939F233F86A0001F84B3 /* SceneDelegate.swift in Sources */,
			);
			runOnlyForDeploymentPostprocessing = 0;
		};
/* End PBXSourcesBuildPhase section */

/* Begin PBXVariantGroup section */
		092E93A2233F86A0001F84B3 /* Main.storyboard */ = {
			isa = PBXVariantGroup;
			children = (
				092E93A3233F86A0001F84B3 /* Base */,
			);
			name = Main.storyboard;
			sourceTree = "<group>";
		};
		092E93A7233F86A4001F84B3 /* LaunchScreen.storyboard */ = {
			isa = PBXVariantGroup;
			children = (
				092E93A8233F86A4001F84B3 /* Base */,
			);
			name = LaunchScreen.storyboard;
			sourceTree = "<group>";
		};
/* End PBXVariantGroup section */

/* Begin XCBuildConfiguration section */
		092E93AB233F86A4001F84B3 /* Debug */ = {
			isa = XCBuildConfiguration;
			buildSettings = {
				ALWAYS_SEARCH_USER_PATHS = NO;
				CLANG_ANALYZER_NONNULL = YES;
				CLANG_ANALYZER_NUMBER_OBJECT_CONVERSION = YES_AGGRESSIVE;
				CLANG_CXX_LANGUAGE_STANDARD = "gnu++14";
				CLANG_CXX_LIBRARY = "libc++";
				CLANG_ENABLE_MODULES = YES;
				CLANG_ENABLE_OBJC_ARC = YES;
				CLANG_ENABLE_OBJC_WEAK = YES;
				CLANG_WARN_BLOCK_CAPTURE_AUTORELEASING = YES;
				CLANG_WARN_BOOL_CONVERSION = YES;
				CLANG_WARN_COMMA = YES;
				CLANG_WARN_CONSTANT_CONVERSION = YES;
				CLANG_WARN_DEPRECATED_OBJC_IMPLEMENTATIONS = YES;
				CLANG_WARN_DIRECT_OBJC_ISA_USAGE = YES_ERROR;
				CLANG_WARN_DOCUMENTATION_COMMENTS = YES;
				CLANG_WARN_EMPTY_BODY = YES;
				CLANG_WARN_ENUM_CONVERSION = YES;
				CLANG_WARN_INFINITE_RECURSION = YES;
				CLANG_WARN_INT_CONVERSION = YES;
				CLANG_WARN_NON_LITERAL_NULL_CONVERSION = YES;
				CLANG_WARN_OBJC_IMPLICIT_RETAIN_SELF = YES;
				CLANG_WARN_OBJC_LITERAL_CONVERSION = YES;
				CLANG_WARN_OBJC_ROOT_CLASS = YES_ERROR;
				CLANG_WARN_RANGE_LOOP_ANALYSIS = YES;
				CLANG_WARN_STRICT_PROTOTYPES = YES;
				CLANG_WARN_SUSPICIOUS_MOVE = YES;
				CLANG_WARN_UNGUARDED_AVAILABILITY = YES_AGGRESSIVE;
				CLANG_WARN_UNREACHABLE_CODE = YES;
				CLANG_WARN__DUPLICATE_METHOD_MATCH = YES;
				COPY_PHASE_STRIP = NO;
				DEBUG_INFORMATION_FORMAT = dwarf;
				ENABLE_STRICT_OBJC_MSGSEND = YES;
				ENABLE_TESTABILITY = YES;
				GCC_C_LANGUAGE_STANDARD = gnu11;
				GCC_DYNAMIC_NO_PIC = NO;
				GCC_NO_COMMON_BLOCKS = YES;
				GCC_OPTIMIZATION_LEVEL = 0;
				GCC_PREPROCESSOR_DEFINITIONS = (
					"DEBUG=1",
					"$(inherited)",
				);
				GCC_WARN_64_TO_32_BIT_CONVERSION = YES;
				GCC_WARN_ABOUT_RETURN_TYPE = YES_ERROR;
				GCC_WARN_UNDECLARED_SELECTOR = YES;
				GCC_WARN_UNINITIALIZED_AUTOS = YES_AGGRESSIVE;
				GCC_WARN_UNUSED_FUNCTION = YES;
				GCC_WARN_UNUSED_VARIABLE = YES;
				IPHONEOS_DEPLOYMENT_TARGET = 13.0;
				MTL_ENABLE_DEBUG_INFO = INCLUDE_SOURCE;
				MTL_FAST_MATH = YES;
				ONLY_ACTIVE_ARCH = YES;
				SDKROOT = iphoneos;
				SWIFT_ACTIVE_COMPILATION_CONDITIONS = DEBUG;
				SWIFT_OPTIMIZATION_LEVEL = "-Onone";
			};
			name = Debug;
		};
		092E93AC233F86A4001F84B3 /* Release */ = {
			isa = XCBuildConfiguration;
			buildSettings = {
				ALWAYS_SEARCH_USER_PATHS = NO;
				CLANG_ANALYZER_NONNULL = YES;
				CLANG_ANALYZER_NUMBER_OBJECT_CONVERSION = YES_AGGRESSIVE;
				CLANG_CXX_LANGUAGE_STANDARD = "gnu++14";
				CLANG_CXX_LIBRARY = "libc++";
				CLANG_ENABLE_MODULES = YES;
				CLANG_ENABLE_OBJC_ARC = YES;
				CLANG_ENABLE_OBJC_WEAK = YES;
				CLANG_WARN_BLOCK_CAPTURE_AUTORELEASING = YES;
				CLANG_WARN_BOOL_CONVERSION = YES;
				CLANG_WARN_COMMA = YES;
				CLANG_WARN_CONSTANT_CONVERSION = YES;
				CLANG_WARN_DEPRECATED_OBJC_IMPLEMENTATIONS = YES;
				CLANG_WARN_DIRECT_OBJC_ISA_USAGE = YES_ERROR;
				CLANG_WARN_DOCUMENTATION_COMMENTS = YES;
				CLANG_WARN_EMPTY_BODY = YES;
				CLANG_WARN_ENUM_CONVERSION = YES;
				CLANG_WARN_INFINITE_RECURSION = YES;
				CLANG_WARN_INT_CONVERSION = YES;
				CLANG_WARN_NON_LITERAL_NULL_CONVERSION = YES;
				CLANG_WARN_OBJC_IMPLICIT_RETAIN_SELF = YES;
				CLANG_WARN_OBJC_LITERAL_CONVERSION = YES;
				CLANG_WARN_OBJC_ROOT_CLASS = YES_ERROR;
				CLANG_WARN_RANGE_LOOP_ANALYSIS = YES;
				CLANG_WARN_STRICT_PROTOTYPES = YES;
				CLANG_WARN_SUSPICIOUS_MOVE = YES;
				CLANG_WARN_UNGUARDED_AVAILABILITY = YES_AGGRESSIVE;
				CLANG_WARN_UNREACHABLE_CODE = YES;
				CLANG_WARN__DUPLICATE_METHOD_MATCH = YES;
				COPY_PHASE_STRIP = NO;
				DEBUG_INFORMATION_FORMAT = "dwarf-with-dsym";
				ENABLE_NS_ASSERTIONS = NO;
				ENABLE_STRICT_OBJC_MSGSEND = YES;
				GCC_C_LANGUAGE_STANDARD = gnu11;
				GCC_NO_COMMON_BLOCKS = YES;
				GCC_WARN_64_TO_32_BIT_CONVERSION = YES;
				GCC_WARN_ABOUT_RETURN_TYPE = YES_ERROR;
				GCC_WARN_UNDECLARED_SELECTOR = YES;
				GCC_WARN_UNINITIALIZED_AUTOS = YES_AGGRESSIVE;
				GCC_WARN_UNUSED_FUNCTION = YES;
				GCC_WARN_UNUSED_VARIABLE = YES;
				IPHONEOS_DEPLOYMENT_TARGET = 13.0;
				MTL_ENABLE_DEBUG_INFO = NO;
				MTL_FAST_MATH = YES;
				SDKROOT = iphoneos;
				SWIFT_COMPILATION_MODE = wholemodule;
				SWIFT_OPTIMIZATION_LEVEL = "-O";
				VALIDATE_PRODUCT = YES;
			};
			name = Release;
		};
		092E93AE233F86A4001F84B3 /* Debug */ = {
			isa = XCBuildConfiguration;
			baseConfigurationReference = 5AE67C2BBE3ABA744C4BAB6F /* Pods-RxSwiftSample.debug.xcconfig */;
			buildSettings = {
				ASSETCATALOG_COMPILER_APPICON_NAME = AppIcon;
				CODE_SIGN_STYLE = Automatic;
				INFOPLIST_FILE = RxSwiftSample/Info.plist;
				LD_RUNPATH_SEARCH_PATHS = (
					"$(inherited)",
					"@executable_path/Frameworks",
				);
				PRODUCT_BUNDLE_IDENTIFIER = test.RxSwiftSample;
				PRODUCT_NAME = "$(TARGET_NAME)";
				SWIFT_VERSION = 5.0;
				TARGETED_DEVICE_FAMILY = "1,2";
			};
			name = Debug;
		};
		092E93AF233F86A4001F84B3 /* Release */ = {
			isa = XCBuildConfiguration;
			baseConfigurationReference = 3E726EAD982381DA18E0DDFF /* Pods-RxSwiftSample.release.xcconfig */;
			buildSettings = {
				ASSETCATALOG_COMPILER_APPICON_NAME = AppIcon;
				CODE_SIGN_STYLE = Automatic;
				INFOPLIST_FILE = RxSwiftSample/Info.plist;
				LD_RUNPATH_SEARCH_PATHS = (
					"$(inherited)",
					"@executable_path/Frameworks",
				);
				PRODUCT_BUNDLE_IDENTIFIER = test.RxSwiftSample;
				PRODUCT_NAME = "$(TARGET_NAME)";
				SWIFT_VERSION = 5.0;
				TARGETED_DEVICE_FAMILY = "1,2";
			};
			name = Release;
		};
/* End XCBuildConfiguration section */

/* Begin XCConfigurationList section */
		092E9394233F86A0001F84B3 /* Build configuration list for PBXProject "RxSwiftSample" */ = {
			isa = XCConfigurationList;
			buildConfigurations = (
				092E93AB233F86A4001F84B3 /* Debug */,
				092E93AC233F86A4001F84B3 /* Release */,
			);
			defaultConfigurationIsVisible = 0;
			defaultConfigurationName = Release;
		};
		092E93AD233F86A4001F84B3 /* Build configuration list for PBXNativeTarget "RxSwiftSample" */ = {
			isa = XCConfigurationList;
			buildConfigurations = (
				092E93AE233F86A4001F84B3 /* Debug */,
				092E93AF233F86A4001F84B3 /* Release */,
			);
			defaultConfigurationIsVisible = 0;
			defaultConfigurationName = Release;
		};
/* End XCConfigurationList section */
	};
	rootObject = 092E9391233F86A0001F84B3 /* Project object */;
}
